
Microsoft Visual Studio Solution File, Format Version 12.00
# Visual Studio Version 16
VisualStudioVersion = 16.0.30204.135
MinimumVisualStudioVersion = 10.0.40219.1
Project("{FAE04EC0-301F-11D3-BF4B-00C04F79EFBC}") = "BankWebAPI", "BankWebAPI.csproj", "{6E0C8E08-E7D0-4697-936C-F82432A5887F}"
EndProject
Global
	GlobalSection(SolutionConfigurationPlatforms) = preSolution
		Debug|Any CPU = Debug|Any CPU
		Release|Any CPU = Release|Any CPU
	EndGlobalSection
	GlobalSection(ProjectConfigurationPlatforms) = postSolution
		{6E0C8E08-E7D0-4697-936C-F82432A5887F}.Debug|Any CPU.ActiveCfg = Debug|Any CPU
		{6E0C8E08-E7D0-4697-936C-F82432A5887F}.Debug|Any CPU.Build.0 = Debug|Any CPU
		{6E0C8E08-E7D0-4697-936C-F82432A5887F}.Release|Any CPU.ActiveCfg = Release|Any CPU
		{6E0C8E08-E7D0-4697-936C-F82432A5887F}.Release|Any CPU.Build.0 = Release|Any CPU
	EndGlobalSection
	GlobalSection(SolutionProperties) = preSolution
		HideSolutionNode = FALSE
	EndGlobalSection
	GlobalSection(ExtensibilityGlobals) = postSolution
		SolutionGuid = {8D97DA37-A4DD-4AB4-8958-56292BAD4589}
	EndGlobalSection
EndGlobal
